// !$*UTF8*$!
{
	archiveVersion = 1;
	classes = {
	};
	objectVersion = 77;
	objects = {

/* Begin PBXBuildFile section */
		001F06A30966E5C9B13B92B3 /* PlannerSession.swift in Sources */ = {isa = PBXBuildFile; fileRef = 67DF550C7AA012DED5C315BA /* PlannerSession.swift */; };
		0214954F2A7A51B6667D9752 /* DSChip.swift in Sources */ = {isa = PBXBuildFile; fileRef = AC60F8F044BA8680D82D7275 /* DSChip.swift */; };
		02ABE3C9DE8619DA6121AE55 /* DSStateCard.swift in Sources */ = {isa = PBXBuildFile; fileRef = 96C878F84645F5AA79A4B015 /* DSStateCard.swift */; };
		02D6A439E5DD363844D1AD97 /* Radii.swift in Sources */ = {isa = PBXBuildFile; fileRef = 1A662C1095C736D1E16084D1 /* Radii.swift */; };
		0CDE210D0E0C986DC5C24791 /* CurvyRideApp.swift in Sources */ = {isa = PBXBuildFile; fileRef = BAD8116E392BDDE13700C650 /* CurvyRideApp.swift */; };
		0E563B2A81101F6362552AAD /* StartPointSearchService.swift in Sources */ = {isa = PBXBuildFile; fileRef = 16A999D29FB0C79CE8B3FBC6 /* StartPointSearchService.swift */; };
		13AC13C7E1C16CD54813981B /* Colors.swift in Sources */ = {isa = PBXBuildFile; fileRef = 90CF94899BFB44A92067AF5A /* Colors.swift */; };
		20764AF54D8C4979E302139C /* FromInfoPlistOrFatal.swift in Sources */ = {isa = PBXBuildFile; fileRef = 0B3DE905D64077EA643553B6 /* FromInfoPlistOrFatal.swift */; };
		21D491B55D9160A75E7EB8DC /* Maps+View.swift in Sources */ = {isa = PBXBuildFile; fileRef = 9B96DBEC072426E26B15B727 /* Maps+View.swift */; };
		3D601E229A9C9B7D4F848324 /* PlannerControls.swift in Sources */ = {isa = PBXBuildFile; fileRef = FA628D4DDF1E8DD2EBAA64DD /* PlannerControls.swift */; };
		3E1AA76208C8E7A9431CE9F2 /* PlannerShellViews.swift in Sources */ = {isa = PBXBuildFile; fileRef = 02046B7A38282B8F7219E875 /* PlannerShellViews.swift */; };
		4A40DED7CFB8399627A1776F /* DSButton.swift in Sources */ = {isa = PBXBuildFile; fileRef = A1A18D425803653FFA11296A /* DSButton.swift */; };
		577694E09A2506AAFA963704 /* PlannerSettingsCards.swift in Sources */ = {isa = PBXBuildFile; fileRef = A4C7466BC1BC56D22C78A14E /* PlannerSettingsCards.swift */; };
		5C7DE5F5ED319F988B20CFD3 /* Container+Dependencies.swift in Sources */ = {isa = PBXBuildFile; fileRef = 58F6F302D5D4D57C97F43DB5 /* Container+Dependencies.swift */; };
		5E58C152206B645FCA13AE1C /* CurvyRideAppTests.swift in Sources */ = {isa = PBXBuildFile; fileRef = 434EEB44ED127267173564ED /* CurvyRideAppTests.swift */; };
		60E8D6C8660F55F7307CFB66 /* PlannerStartPointCardView.swift in Sources */ = {isa = PBXBuildFile; fileRef = 94E1B8320D1B2B80FDA0C628 /* PlannerStartPointCardView.swift */; };
		62B64FB8001B1075C89DA13D /* Planner+View.swift in Sources */ = {isa = PBXBuildFile; fileRef = EE14E6AA66EF7B4FDDD78443 /* Planner+View.swift */; };
		7F843605B1FDED913A5D3E19 /* View+DS.swift in Sources */ = {isa = PBXBuildFile; fileRef = BEB8CE0133C9A53DD887BF80 /* View+DS.swift */; };
		83DE4EAF48BED892AEFE4F3B /* Planner+Model.swift in Sources */ = {isa = PBXBuildFile; fileRef = BCA02C945338D5FBDF184947 /* Planner+Model.swift */; };
		87B4D4AE414FDD5154CE593E /* Factory in Frameworks */ = {isa = PBXBuildFile; productRef = 4676D68A8D80F8EABBCFB357 /* Factory */; };
		8F05B4852665747D5053C832 /* UIColor+.swift in Sources */ = {isa = PBXBuildFile; fileRef = 9D71B4E569B67108902F8262 /* UIColor+.swift */; };
		948EEF12044A2B5B83724E08 /* PlannerSummaryViews.swift in Sources */ = {isa = PBXBuildFile; fileRef = C0B8279D9A48512023497B7B /* PlannerSummaryViews.swift */; };
		98F1D0BED7BD4AFC7D28D6BE /* Bug.swift in Sources */ = {isa = PBXBuildFile; fileRef = BDCD2AEA29B0755F1EA43874 /* Bug.swift */; };
		A6A684A97C5924B84FB877C9 /* Shadows.swift in Sources */ = {isa = PBXBuildFile; fileRef = 60328C5316EB9A9774FE889D /* Shadows.swift */; };
		A728129BEA82B8474EBCA8B6 /* Maps+Model.swift in Sources */ = {isa = PBXBuildFile; fileRef = 53B23FD49182F1734FD81500 /* Maps+Model.swift */; };
		AC855F901A5BD8E161FADFA2 /* DSSurfaceCard.swift in Sources */ = {isa = PBXBuildFile; fileRef = 5A08AE7C5833F7A992A7402C /* DSSurfaceCard.swift */; };
		D9E086CC18821196FF0B6F2F /* RootView.swift in Sources */ = {isa = PBXBuildFile; fileRef = EFDE7291B2C0731897BF7B6D /* RootView.swift */; };
		DD5198E2B60171C50D45D83A /* MapsOverlayViews.swift in Sources */ = {isa = PBXBuildFile; fileRef = 70B67369BB2646A93552F36E /* MapsOverlayViews.swift */; };
		E2AE53C25B0531445C6E0484 /* Fonts.swift in Sources */ = {isa = PBXBuildFile; fileRef = 8B19F9B1202183D8519366A1 /* Fonts.swift */; };
		F8B46A3B17AA5D093AFBCC3E /* CurrentLocationService.swift in Sources */ = {isa = PBXBuildFile; fileRef = BD95867C3A0AF652CE142F4F /* CurrentLocationService.swift */; };
		FE3D4DBEBACE3A07124BE180 /* PlannerCardComponents.swift in Sources */ = {isa = PBXBuildFile; fileRef = 323C21785EE2708CA850ABDD /* PlannerCardComponents.swift */; };
/* End PBXBuildFile section */

/* Begin PBXContainerItemProxy section */
		77058191676B8E0473EF37B2 /* PBXContainerItemProxy */ = {
			isa = PBXContainerItemProxy;
			containerPortal = 45B782981622D4442B7334DC /* Project object */;
			proxyType = 1;
			remoteGlobalIDString = 4E44FB832285C7389FF53642;
			remoteInfo = CurvyRideApp;
		};
/* End PBXContainerItemProxy section */

/* Begin PBXFileReference section */
		02046B7A38282B8F7219E875 /* PlannerShellViews.swift */ = {isa = PBXFileReference; lastKnownFileType = sourcecode.swift; path = PlannerShellViews.swift; sourceTree = "<group>"; };
		0B3DE905D64077EA643553B6 /* FromInfoPlistOrFatal.swift */ = {isa = PBXFileReference; lastKnownFileType = sourcecode.swift; path = FromInfoPlistOrFatal.swift; sourceTree = "<group>"; };
		12FE41EAC9A5C2B88A4A090A /* Info.plist */ = {isa = PBXFileReference; lastKnownFileType = text.plist; path = Info.plist; sourceTree = "<group>"; };
		16A999D29FB0C79CE8B3FBC6 /* StartPointSearchService.swift */ = {isa = PBXFileReference; lastKnownFileType = sourcecode.swift; path = StartPointSearchService.swift; sourceTree = "<group>"; };
		1A662C1095C736D1E16084D1 /* Radii.swift */ = {isa = PBXFileReference; lastKnownFileType = sourcecode.swift; path = Radii.swift; sourceTree = "<group>"; };
		28EBC69B224CA7ADC28ECB7B /* Release.xcconfig */ = {isa = PBXFileReference; lastKnownFileType = text.xcconfig; path = Release.xcconfig; sourceTree = "<group>"; };
		323C21785EE2708CA850ABDD /* PlannerCardComponents.swift */ = {isa = PBXFileReference; lastKnownFileType = sourcecode.swift; path = PlannerCardComponents.swift; sourceTree = "<group>"; };
		434EEB44ED127267173564ED /* CurvyRideAppTests.swift */ = {isa = PBXFileReference; lastKnownFileType = sourcecode.swift; path = CurvyRideAppTests.swift; sourceTree = "<group>"; };
		53B23FD49182F1734FD81500 /* Maps+Model.swift */ = {isa = PBXFileReference; lastKnownFileType = sourcecode.swift; path = "Maps+Model.swift"; sourceTree = "<group>"; };
		58F6F302D5D4D57C97F43DB5 /* Container+Dependencies.swift */ = {isa = PBXFileReference; lastKnownFileType = sourcecode.swift; path = "Container+Dependencies.swift"; sourceTree = "<group>"; };
		5A08AE7C5833F7A992A7402C /* DSSurfaceCard.swift */ = {isa = PBXFileReference; lastKnownFileType = sourcecode.swift; path = DSSurfaceCard.swift; sourceTree = "<group>"; };
		60328C5316EB9A9774FE889D /* Shadows.swift */ = {isa = PBXFileReference; lastKnownFileType = sourcecode.swift; path = Shadows.swift; sourceTree = "<group>"; };
		67DF550C7AA012DED5C315BA /* PlannerSession.swift */ = {isa = PBXFileReference; lastKnownFileType = sourcecode.swift; path = PlannerSession.swift; sourceTree = "<group>"; };
		70B67369BB2646A93552F36E /* MapsOverlayViews.swift */ = {isa = PBXFileReference; lastKnownFileType = sourcecode.swift; path = MapsOverlayViews.swift; sourceTree = "<group>"; };
		730DB87F77B069CBB55510F1 /* CurvyRideAppTests.xctest */ = {isa = PBXFileReference; includeInIndex = 0; lastKnownFileType = wrapper.cfbundle; path = CurvyRideAppTests.xctest; sourceTree = BUILT_PRODUCTS_DIR; };
		8B19F9B1202183D8519366A1 /* Fonts.swift */ = {isa = PBXFileReference; lastKnownFileType = sourcecode.swift; path = Fonts.swift; sourceTree = "<group>"; };
		90CF94899BFB44A92067AF5A /* Colors.swift */ = {isa = PBXFileReference; lastKnownFileType = sourcecode.swift; path = Colors.swift; sourceTree = "<group>"; };
		924396C7349304D788124E06 /* CurvyRideApp.app */ = {isa = PBXFileReference; includeInIndex = 0; lastKnownFileType = wrapper.application; path = CurvyRideApp.app; sourceTree = BUILT_PRODUCTS_DIR; };
		94E1B8320D1B2B80FDA0C628 /* PlannerStartPointCardView.swift */ = {isa = PBXFileReference; lastKnownFileType = sourcecode.swift; path = PlannerStartPointCardView.swift; sourceTree = "<group>"; };
		96C878F84645F5AA79A4B015 /* DSStateCard.swift */ = {isa = PBXFileReference; lastKnownFileType = sourcecode.swift; path = DSStateCard.swift; sourceTree = "<group>"; };
		9B96DBEC072426E26B15B727 /* Maps+View.swift */ = {isa = PBXFileReference; lastKnownFileType = sourcecode.swift; path = "Maps+View.swift"; sourceTree = "<group>"; };
		9D71B4E569B67108902F8262 /* UIColor+.swift */ = {isa = PBXFileReference; lastKnownFileType = sourcecode.swift; path = "UIColor+.swift"; sourceTree = "<group>"; };
		A1A18D425803653FFA11296A /* DSButton.swift */ = {isa = PBXFileReference; lastKnownFileType = sourcecode.swift; path = DSButton.swift; sourceTree = "<group>"; };
		A4C7466BC1BC56D22C78A14E /* PlannerSettingsCards.swift */ = {isa = PBXFileReference; lastKnownFileType = sourcecode.swift; path = PlannerSettingsCards.swift; sourceTree = "<group>"; };
		AC60F8F044BA8680D82D7275 /* DSChip.swift */ = {isa = PBXFileReference; lastKnownFileType = sourcecode.swift; path = DSChip.swift; sourceTree = "<group>"; };
		BAD8116E392BDDE13700C650 /* CurvyRideApp.swift */ = {isa = PBXFileReference; lastKnownFileType = sourcecode.swift; path = CurvyRideApp.swift; sourceTree = "<group>"; };
		BCA02C945338D5FBDF184947 /* Planner+Model.swift */ = {isa = PBXFileReference; lastKnownFileType = sourcecode.swift; path = "Planner+Model.swift"; sourceTree = "<group>"; };
		BD95867C3A0AF652CE142F4F /* CurrentLocationService.swift */ = {isa = PBXFileReference; lastKnownFileType = sourcecode.swift; path = CurrentLocationService.swift; sourceTree = "<group>"; };
		BDCD2AEA29B0755F1EA43874 /* Bug.swift */ = {isa = PBXFileReference; lastKnownFileType = sourcecode.swift; path = Bug.swift; sourceTree = "<group>"; };
		BEB8CE0133C9A53DD887BF80 /* View+DS.swift */ = {isa = PBXFileReference; lastKnownFileType = sourcecode.swift; path = "View+DS.swift"; sourceTree = "<group>"; };
		C0B8279D9A48512023497B7B /* PlannerSummaryViews.swift */ = {isa = PBXFileReference; lastKnownFileType = sourcecode.swift; path = PlannerSummaryViews.swift; sourceTree = "<group>"; };
		C69D0FDA0073014452433B09 /* Debug.xcconfig */ = {isa = PBXFileReference; lastKnownFileType = text.xcconfig; path = Debug.xcconfig; sourceTree = "<group>"; };
		EE14E6AA66EF7B4FDDD78443 /* Planner+View.swift */ = {isa = PBXFileReference; lastKnownFileType = sourcecode.swift; path = "Planner+View.swift"; sourceTree = "<group>"; };
		EFDE7291B2C0731897BF7B6D /* RootView.swift */ = {isa = PBXFileReference; lastKnownFileType = sourcecode.swift; path = RootView.swift; sourceTree = "<group>"; };
		FA628D4DDF1E8DD2EBAA64DD /* PlannerControls.swift */ = {isa = PBXFileReference; lastKnownFileType = sourcecode.swift; path = PlannerControls.swift; sourceTree = "<group>"; };
/* End PBXFileReference section */

/* Begin PBXFrameworksBuildPhase section */
		06EB90A69E55263C524AA9F7 /* Frameworks */ = {
			isa = PBXFrameworksBuildPhase;
			buildActionMask = 2147483647;
			files = (
				87B4D4AE414FDD5154CE593E /* Factory in Frameworks */,
			);
			runOnlyForDeploymentPostprocessing = 0;
		};
/* End PBXFrameworksBuildPhase section */

/* Begin PBXGroup section */
		0DFF6C47D3F5325B64A30A31 /* _Config */ = {
			isa = PBXGroup;
			children = (
				C69D0FDA0073014452433B09 /* Debug.xcconfig */,
				28EBC69B224CA7ADC28ECB7B /* Release.xcconfig */,
			);
			path = _Config;
			sourceTree = "<group>";
		};
		2A8A5A7379D36FDEA8C7F4BE /* Modules */ = {
			isa = PBXGroup;
			children = (
				6C483AFBE83844C2CBC4EE3F /* AppCore */,
				43831B097B5C40B8935BDD1D /* Data */,
				79134841FEF4AA66BB40DDEF /* DesignSystem */,
				72FE1DBB3D0614574974257C /* Maps */,
				BCB3E5AA85C3EFEDF3CAAB4C /* Planner */,
			);
			path = Modules;
			sourceTree = "<group>";
		};
		43831B097B5C40B8935BDD1D /* Data */ = {
			isa = PBXGroup;
			children = (
				EB4C93945E8E014952015F9F /* Services */,
				A0B502CFEB4D33E4D0CDAC3A /* Sessions */,
			);
			path = Data;
			sourceTree = "<group>";
		};
		550490B579BDDE9E644F52FE /* CurvyRideAppTests */ = {
			isa = PBXGroup;
			children = (
				434EEB44ED127267173564ED /* CurvyRideAppTests.swift */,
			);
			name = CurvyRideAppTests;
			path = Tests/CurvyRideAppTests;
			sourceTree = "<group>";
		};
		68DA918FAB52B695D79A5553 /* App */ = {
			isa = PBXGroup;
			children = (
				BAD8116E392BDDE13700C650 /* CurvyRideApp.swift */,
				12FE41EAC9A5C2B88A4A090A /* Info.plist */,
				EFDE7291B2C0731897BF7B6D /* RootView.swift */,
				0DFF6C47D3F5325B64A30A31 /* _Config */,
			);
			path = App;
			sourceTree = "<group>";
		};
		6C483AFBE83844C2CBC4EE3F /* AppCore */ = {
			isa = PBXGroup;
			children = (
				8673BEA578B829E788C792B9 /* DI */,
				C4043F04C385BB1EDACFAC19 /* Utils */,
			);
			path = AppCore;
			sourceTree = "<group>";
		};
		72FE1DBB3D0614574974257C /* Maps */ = {
			isa = PBXGroup;
			children = (
				53B23FD49182F1734FD81500 /* Maps+Model.swift */,
				9B96DBEC072426E26B15B727 /* Maps+View.swift */,
				70B67369BB2646A93552F36E /* MapsOverlayViews.swift */,
			);
			path = Maps;
			sourceTree = "<group>";
		};
		79134841FEF4AA66BB40DDEF /* DesignSystem */ = {
			isa = PBXGroup;
			children = (
				BF9DC5D68CC6CABC25E8F32F /* Components */,
				C6A9F4C1D682CB5E6E793BF7 /* Theme */,
			);
			path = DesignSystem;
			sourceTree = "<group>";
		};
		8673BEA578B829E788C792B9 /* DI */ = {
			isa = PBXGroup;
			children = (
				58F6F302D5D4D57C97F43DB5 /* Container+Dependencies.swift */,
			);
			path = DI;
			sourceTree = "<group>";
		};
		877343CC4C40B16621F3138E /* Views */ = {
			isa = PBXGroup;
			children = (
				323C21785EE2708CA850ABDD /* PlannerCardComponents.swift */,
				FA628D4DDF1E8DD2EBAA64DD /* PlannerControls.swift */,
				A4C7466BC1BC56D22C78A14E /* PlannerSettingsCards.swift */,
				02046B7A38282B8F7219E875 /* PlannerShellViews.swift */,
				94E1B8320D1B2B80FDA0C628 /* PlannerStartPointCardView.swift */,
				C0B8279D9A48512023497B7B /* PlannerSummaryViews.swift */,
			);
			path = Views;
			sourceTree = "<group>";
		};
		A0B502CFEB4D33E4D0CDAC3A /* Sessions */ = {
			isa = PBXGroup;
			children = (
				67DF550C7AA012DED5C315BA /* PlannerSession.swift */,
			);
			path = Sessions;
			sourceTree = "<group>";
		};
		BCB3E5AA85C3EFEDF3CAAB4C /* Planner */ = {
			isa = PBXGroup;
			children = (
				BCA02C945338D5FBDF184947 /* Planner+Model.swift */,
				EE14E6AA66EF7B4FDDD78443 /* Planner+View.swift */,
				877343CC4C40B16621F3138E /* Views */,
			);
			path = Planner;
			sourceTree = "<group>";
		};
		BF9DC5D68CC6CABC25E8F32F /* Components */ = {
			isa = PBXGroup;
			children = (
				A1A18D425803653FFA11296A /* DSButton.swift */,
				AC60F8F044BA8680D82D7275 /* DSChip.swift */,
				96C878F84645F5AA79A4B015 /* DSStateCard.swift */,
				5A08AE7C5833F7A992A7402C /* DSSurfaceCard.swift */,
			);
			path = Components;
			sourceTree = "<group>";
		};
		C4043F04C385BB1EDACFAC19 /* Utils */ = {
			isa = PBXGroup;
			children = (
				BDCD2AEA29B0755F1EA43874 /* Bug.swift */,
				0B3DE905D64077EA643553B6 /* FromInfoPlistOrFatal.swift */,
			);
			path = Utils;
			sourceTree = "<group>";
		};
		C6A9F4C1D682CB5E6E793BF7 /* Theme */ = {
			isa = PBXGroup;
			children = (
				90CF94899BFB44A92067AF5A /* Colors.swift */,
				8B19F9B1202183D8519366A1 /* Fonts.swift */,
				1A662C1095C736D1E16084D1 /* Radii.swift */,
				60328C5316EB9A9774FE889D /* Shadows.swift */,
				9D71B4E569B67108902F8262 /* UIColor+.swift */,
				BEB8CE0133C9A53DD887BF80 /* View+DS.swift */,
			);
			path = Theme;
			sourceTree = "<group>";
		};
		D5F466C78FFF54F867B3B8AD = {
			isa = PBXGroup;
			children = (
				68DA918FAB52B695D79A5553 /* App */,
				550490B579BDDE9E644F52FE /* CurvyRideAppTests */,
				2A8A5A7379D36FDEA8C7F4BE /* Modules */,
				E3E62D4B09CFE9EDF2B5FF36 /* Products */,
			);
			sourceTree = "<group>";
		};
		E3E62D4B09CFE9EDF2B5FF36 /* Products */ = {
			isa = PBXGroup;
			children = (
				924396C7349304D788124E06 /* CurvyRideApp.app */,
				730DB87F77B069CBB55510F1 /* CurvyRideAppTests.xctest */,
			);
			name = Products;
			sourceTree = "<group>";
		};
		EB4C93945E8E014952015F9F /* Services */ = {
			isa = PBXGroup;
			children = (
				BD95867C3A0AF652CE142F4F /* CurrentLocationService.swift */,
				16A999D29FB0C79CE8B3FBC6 /* StartPointSearchService.swift */,
			);
			path = Services;
			sourceTree = "<group>";
		};
/* End PBXGroup section */

/* Begin PBXNativeTarget section */
		4E44FB832285C7389FF53642 /* CurvyRideApp */ = {
			isa = PBXNativeTarget;
			buildConfigurationList = 0410053741EC63EC84383262 /* Build configuration list for PBXNativeTarget "CurvyRideApp" */;
			buildPhases = (
				4C4219FDADDAD345CC689311 /* Sources */,
				06EB90A69E55263C524AA9F7 /* Frameworks */,
			);
			buildRules = (
			);
			dependencies = (
			);
			name = CurvyRideApp;
			packageProductDependencies = (
				4676D68A8D80F8EABBCFB357 /* Factory */,
			);
			productName = CurvyRideApp;
			productReference = 924396C7349304D788124E06 /* CurvyRideApp.app */;
			productType = "com.apple.product-type.application";
		};
		8B8E8784EA851BB25FDDA894 /* CurvyRideAppTests */ = {
			isa = PBXNativeTarget;
			buildConfigurationList = 8A491A9369A4081DE5FD9E96 /* Build configuration list for PBXNativeTarget "CurvyRideAppTests" */;
			buildPhases = (
				8911CC4880A77BB0DB991E03 /* Sources */,
			);
			buildRules = (
			);
			dependencies = (
				60F4395452A03198F707E1DA /* PBXTargetDependency */,
			);
			name = CurvyRideAppTests;
			packageProductDependencies = (
			);
			productName = CurvyRideAppTests;
			productReference = 730DB87F77B069CBB55510F1 /* CurvyRideAppTests.xctest */;
			productType = "com.apple.product-type.bundle.unit-test";
		};
/* End PBXNativeTarget section */

/* Begin PBXProject section */
		45B782981622D4442B7334DC /* Project object */ = {
			isa = PBXProject;
			attributes = {
				BuildIndependentTargetsInParallel = YES;
				LastUpgradeCheck = 1430;
				TargetAttributes = {
				};
			};
			buildConfigurationList = 29E2E24DD8F140A9834C1623 /* Build configuration list for PBXProject "CurvyRide" */;
			developmentRegion = en;
			hasScannedForEncodings = 0;
			knownRegions = (
				Base,
				en,
			);
			mainGroup = D5F466C78FFF54F867B3B8AD;
			minimizedProjectReferenceProxies = 1;
			packageReferences = (
				4C6AC7F3268EB6D5F62D3ABA /* XCRemoteSwiftPackageReference "Factory" */,
			);
			preferredProjectObjectVersion = 77;
			productRefGroup = E3E62D4B09CFE9EDF2B5FF36 /* Products */;
			projectDirPath = "";
			projectRoot = "";
			targets = (
				4E44FB832285C7389FF53642 /* CurvyRideApp */,
				8B8E8784EA851BB25FDDA894 /* CurvyRideAppTests */,
			);
		};
/* End PBXProject section */

/* Begin PBXSourcesBuildPhase section */
		4C4219FDADDAD345CC689311 /* Sources */ = {
			isa = PBXSourcesBuildPhase;
			buildActionMask = 2147483647;
			files = (
				98F1D0BED7BD4AFC7D28D6BE /* Bug.swift in Sources */,
				13AC13C7E1C16CD54813981B /* Colors.swift in Sources */,
				5C7DE5F5ED319F988B20CFD3 /* Container+Dependencies.swift in Sources */,
				F8B46A3B17AA5D093AFBCC3E /* CurrentLocationService.swift in Sources */,
				0CDE210D0E0C986DC5C24791 /* CurvyRideApp.swift in Sources */,
				4A40DED7CFB8399627A1776F /* DSButton.swift in Sources */,
				0214954F2A7A51B6667D9752 /* DSChip.swift in Sources */,
				02ABE3C9DE8619DA6121AE55 /* DSStateCard.swift in Sources */,
				AC855F901A5BD8E161FADFA2 /* DSSurfaceCard.swift in Sources */,
				E2AE53C25B0531445C6E0484 /* Fonts.swift in Sources */,
				20764AF54D8C4979E302139C /* FromInfoPlistOrFatal.swift in Sources */,
				A728129BEA82B8474EBCA8B6 /* Maps+Model.swift in Sources */,
				21D491B55D9160A75E7EB8DC /* Maps+View.swift in Sources */,
				DD5198E2B60171C50D45D83A /* MapsOverlayViews.swift in Sources */,
				83DE4EAF48BED892AEFE4F3B /* Planner+Model.swift in Sources */,
				62B64FB8001B1075C89DA13D /* Planner+View.swift in Sources */,
				FE3D4DBEBACE3A07124BE180 /* PlannerCardComponents.swift in Sources */,
				3D601E229A9C9B7D4F848324 /* PlannerControls.swift in Sources */,
				001F06A30966E5C9B13B92B3 /* PlannerSession.swift in Sources */,
				577694E09A2506AAFA963704 /* PlannerSettingsCards.swift in Sources */,
				3E1AA76208C8E7A9431CE9F2 /* PlannerShellViews.swift in Sources */,
				60E8D6C8660F55F7307CFB66 /* PlannerStartPointCardView.swift in Sources */,
				948EEF12044A2B5B83724E08 /* PlannerSummaryViews.swift in Sources */,
				02D6A439E5DD363844D1AD97 /* Radii.swift in Sources */,
				D9E086CC18821196FF0B6F2F /* RootView.swift in Sources */,
				A6A684A97C5924B84FB877C9 /* Shadows.swift in Sources */,
				0E563B2A81101F6362552AAD /* StartPointSearchService.swift in Sources */,
				8F05B4852665747D5053C832 /* UIColor+.swift in Sources */,
				7F843605B1FDED913A5D3E19 /* View+DS.swift in Sources */,
			);
			runOnlyForDeploymentPostprocessing = 0;
		};
		8911CC4880A77BB0DB991E03 /* Sources */ = {
			isa = PBXSourcesBuildPhase;
			buildActionMask = 2147483647;
			files = (
				5E58C152206B645FCA13AE1C /* CurvyRideAppTests.swift in Sources */,
			);
			runOnlyForDeploymentPostprocessing = 0;
		};
/* End PBXSourcesBuildPhase section */

/* Begin PBXTargetDependency section */
		60F4395452A03198F707E1DA /* PBXTargetDependency */ = {
			isa = PBXTargetDependency;
			target = 4E44FB832285C7389FF53642 /* CurvyRideApp */;
			targetProxy = 77058191676B8E0473EF37B2 /* PBXContainerItemProxy */;
		};
/* End PBXTargetDependency section */

/* Begin XCBuildConfiguration section */
		4D6387CB9FD26C2BCA9F1DBD /* Release */ = {
			isa = XCBuildConfiguration;
			baseConfigurationReference = 28EBC69B224CA7ADC28ECB7B /* Release.xcconfig */;
			buildSettings = {
				ASSETCATALOG_COMPILER_APPICON_NAME = AppIcon;
				CODE_SIGN_IDENTITY = "iPhone Developer";
				GENERATE_INFOPLIST_FILE = NO;
				INFOPLIST_FILE = App/Info.plist;
				IPHONEOS_DEPLOYMENT_TARGET = 17.0;
				LD_RUNPATH_SEARCH_PATHS = (
					"$(inherited)",
					"@executable_path/Frameworks",
				);
				PRODUCT_BUNDLE_IDENTIFIER = com.curvyride.app;
				SDKROOT = iphoneos;
				SWIFT_VERSION = 5.0;
				TARGETED_DEVICE_FAMILY = "1,2";
			};
			name = Release;
		};
		9117A6E4B3727E06D91EC3A6 /* Release */ = {
			isa = XCBuildConfiguration;
			baseConfigurationReference = 28EBC69B224CA7ADC28ECB7B /* Release.xcconfig */;
			buildSettings = {
				BUNDLE_LOADER = "$(TEST_HOST)";
				IPHONEOS_DEPLOYMENT_TARGET = 17.0;
				LD_RUNPATH_SEARCH_PATHS = (
					"$(inherited)",
					"@executable_path/Frameworks",
					"@loader_path/Frameworks",
				);
				SDKROOT = iphoneos;
				SWIFT_VERSION = 5.0;
				TARGETED_DEVICE_FAMILY = "1,2";
				TEST_HOST = "$(BUILT_PRODUCTS_DIR)/CurvyRideApp.app/CurvyRideApp";
			};
			name = Release;
		};
		A3B3A42605F0EF1D86E6BD66 /* Debug */ = {
			isa = XCBuildConfiguration;
			buildSettings = {
				ALWAYS_SEARCH_USER_PATHS = NO;
				CLANG_ANALYZER_NONNULL = YES;
				CLANG_ANALYZER_NUMBER_OBJECT_CONVERSION = YES_AGGRESSIVE;
				CLANG_CXX_LANGUAGE_STANDARD = "gnu++14";
				CLANG_CXX_LIBRARY = "libc++";
				CLANG_ENABLE_MODULES = YES;
				CLANG_ENABLE_OBJC_ARC = YES;
				CLANG_ENABLE_OBJC_WEAK = YES;
				CLANG_WARN_BLOCK_CAPTURE_AUTORELEASING = YES;
				CLANG_WARN_BOOL_CONVERSION = YES;
				CLANG_WARN_COMMA = YES;
				CLANG_WARN_CONSTANT_CONVERSION = YES;
				CLANG_WARN_DEPRECATED_OBJC_IMPLEMENTATIONS = YES;
				CLANG_WARN_DIRECT_OBJC_ISA_USAGE = YES_ERROR;
				CLANG_WARN_DOCUMENTATION_COMMENTS = YES;
				CLANG_WARN_EMPTY_BODY = YES;
				CLANG_WARN_ENUM_CONVERSION = YES;
				CLANG_WARN_INFINITE_RECURSION = YES;
				CLANG_WARN_INT_CONVERSION = YES;
				CLANG_WARN_NON_LITERAL_NULL_CONVERSION = YES;
				CLANG_WARN_OBJC_IMPLICIT_RETAIN_SELF = YES;
				CLANG_WARN_OBJC_LITERAL_CONVERSION = YES;
				CLANG_WARN_OBJC_ROOT_CLASS = YES_ERROR;
				CLANG_WARN_QUOTED_INCLUDE_IN_FRAMEWORK_HEADER = YES;
				CLANG_WARN_RANGE_LOOP_ANALYSIS = YES;
				CLANG_WARN_STRICT_PROTOTYPES = YES;
				CLANG_WARN_SUSPICIOUS_MOVE = YES;
				CLANG_WARN_UNGUARDED_AVAILABILITY = YES_AGGRESSIVE;
				CLANG_WARN_UNREACHABLE_CODE = YES;
				CLANG_WARN__DUPLICATE_METHOD_MATCH = YES;
				COPY_PHASE_STRIP = NO;
				DEBUG_INFORMATION_FORMAT = dwarf;
				ENABLE_STRICT_OBJC_MSGSEND = YES;
				ENABLE_TESTABILITY = YES;
				GCC_C_LANGUAGE_STANDARD = gnu11;
				GCC_DYNAMIC_NO_PIC = NO;
				GCC_NO_COMMON_BLOCKS = YES;
				GCC_OPTIMIZATION_LEVEL = 0;
				GCC_PREPROCESSOR_DEFINITIONS = (
					"$(inherited)",
					"DEBUG=1",
				);
				GCC_WARN_64_TO_32_BIT_CONVERSION = YES;
				GCC_WARN_ABOUT_RETURN_TYPE = YES_ERROR;
				GCC_WARN_UNDECLARED_SELECTOR = YES;
				GCC_WARN_UNINITIALIZED_AUTOS = YES_AGGRESSIVE;
				GCC_WARN_UNUSED_FUNCTION = YES;
				GCC_WARN_UNUSED_VARIABLE = YES;
				IPHONEOS_DEPLOYMENT_TARGET = 17.0;
				MTL_ENABLE_DEBUG_INFO = INCLUDE_SOURCE;
				MTL_FAST_MATH = YES;
				ONLY_ACTIVE_ARCH = YES;
				PRODUCT_NAME = "$(TARGET_NAME)";
				SDKROOT = iphoneos;
				SWIFT_ACTIVE_COMPILATION_CONDITIONS = DEBUG;
				SWIFT_OPTIMIZATION_LEVEL = "-Onone";
				SWIFT_VERSION = 5.0;
			};
			name = Debug;
		};
		AD169ECD89A47BE04053CFDE /* Debug */ = {
			isa = XCBuildConfiguration;
			baseConfigurationReference = C69D0FDA0073014452433B09 /* Debug.xcconfig */;
			buildSettings = {
				ASSETCATALOG_COMPILER_APPICON_NAME = AppIcon;
				CODE_SIGN_IDENTITY = "iPhone Developer";
				GENERATE_INFOPLIST_FILE = NO;
				INFOPLIST_FILE = App/Info.plist;
				IPHONEOS_DEPLOYMENT_TARGET = 17.0;
				LD_RUNPATH_SEARCH_PATHS = (
					"$(inherited)",
					"@executable_path/Frameworks",
				);
				PRODUCT_BUNDLE_IDENTIFIER = com.curvyride.app;
				SDKROOT = iphoneos;
				SWIFT_VERSION = 5.0;
				TARGETED_DEVICE_FAMILY = "1,2";
			};
			name = Debug;
		};
		CF8CE6666D604D6E35A90A9C /* Debug */ = {
			isa = XCBuildConfiguration;
			baseConfigurationReference = C69D0FDA0073014452433B09 /* Debug.xcconfig */;
			buildSettings = {
				BUNDLE_LOADER = "$(TEST_HOST)";
				IPHONEOS_DEPLOYMENT_TARGET = 17.0;
				LD_RUNPATH_SEARCH_PATHS = (
					"$(inherited)",
					"@executable_path/Frameworks",
					"@loader_path/Frameworks",
				);
				SDKROOT = iphoneos;
				SWIFT_VERSION = 5.0;
				TARGETED_DEVICE_FAMILY = "1,2";
				TEST_HOST = "$(BUILT_PRODUCTS_DIR)/CurvyRideApp.app/CurvyRideApp";
			};
			name = Debug;
		};
		FD0F6A87EF9EDAA14CCBE0C7 /* Release */ = {
			isa = XCBuildConfiguration;
			buildSettings = {
				ALWAYS_SEARCH_USER_PATHS = NO;
				CLANG_ANALYZER_NONNULL = YES;
				CLANG_ANALYZER_NUMBER_OBJECT_CONVERSION = YES_AGGRESSIVE;
				CLANG_CXX_LANGUAGE_STANDARD = "gnu++14";
				CLANG_CXX_LIBRARY = "libc++";
				CLANG_ENABLE_MODULES = YES;
				CLANG_ENABLE_OBJC_ARC = YES;
				CLANG_ENABLE_OBJC_WEAK = YES;
				CLANG_WARN_BLOCK_CAPTURE_AUTORELEASING = YES;
				CLANG_WARN_BOOL_CONVERSION = YES;
				CLANG_WARN_COMMA = YES;
				CLANG_WARN_CONSTANT_CONVERSION = YES;
				CLANG_WARN_DEPRECATED_OBJC_IMPLEMENTATIONS = YES;
				CLANG_WARN_DIRECT_OBJC_ISA_USAGE = YES_ERROR;
				CLANG_WARN_DOCUMENTATION_COMMENTS = YES;
				CLANG_WARN_EMPTY_BODY = YES;
				CLANG_WARN_ENUM_CONVERSION = YES;
				CLANG_WARN_INFINITE_RECURSION = YES;
				CLANG_WARN_INT_CONVERSION = YES;
				CLANG_WARN_NON_LITERAL_NULL_CONVERSION = YES;
				CLANG_WARN_OBJC_IMPLICIT_RETAIN_SELF = YES;
				CLANG_WARN_OBJC_LITERAL_CONVERSION = YES;
				CLANG_WARN_OBJC_ROOT_CLASS = YES_ERROR;
				CLANG_WARN_QUOTED_INCLUDE_IN_FRAMEWORK_HEADER = YES;
				CLANG_WARN_RANGE_LOOP_ANALYSIS = YES;
				CLANG_WARN_STRICT_PROTOTYPES = YES;
				CLANG_WARN_SUSPICIOUS_MOVE = YES;
				CLANG_WARN_UNGUARDED_AVAILABILITY = YES_AGGRESSIVE;
				CLANG_WARN_UNREACHABLE_CODE = YES;
				CLANG_WARN__DUPLICATE_METHOD_MATCH = YES;
				COPY_PHASE_STRIP = NO;
				DEBUG_INFORMATION_FORMAT = "dwarf-with-dsym";
				ENABLE_NS_ASSERTIONS = NO;
				ENABLE_STRICT_OBJC_MSGSEND = YES;
				GCC_C_LANGUAGE_STANDARD = gnu11;
				GCC_NO_COMMON_BLOCKS = YES;
				GCC_WARN_64_TO_32_BIT_CONVERSION = YES;
				GCC_WARN_ABOUT_RETURN_TYPE = YES_ERROR;
				GCC_WARN_UNDECLARED_SELECTOR = YES;
				GCC_WARN_UNINITIALIZED_AUTOS = YES_AGGRESSIVE;
				GCC_WARN_UNUSED_FUNCTION = YES;
				GCC_WARN_UNUSED_VARIABLE = YES;
				IPHONEOS_DEPLOYMENT_TARGET = 17.0;
				MTL_ENABLE_DEBUG_INFO = NO;
				MTL_FAST_MATH = YES;
				PRODUCT_NAME = "$(TARGET_NAME)";
				SDKROOT = iphoneos;
				SWIFT_COMPILATION_MODE = wholemodule;
				SWIFT_OPTIMIZATION_LEVEL = "-O";
				SWIFT_VERSION = 5.0;
			};
			name = Release;
		};
/* End XCBuildConfiguration section */

/* Begin XCConfigurationList section */
		0410053741EC63EC84383262 /* Build configuration list for PBXNativeTarget "CurvyRideApp" */ = {
			isa = XCConfigurationList;
			buildConfigurations = (
				AD169ECD89A47BE04053CFDE /* Debug */,
				4D6387CB9FD26C2BCA9F1DBD /* Release */,
			);
			defaultConfigurationIsVisible = 0;
			defaultConfigurationName = Debug;
		};
		29E2E24DD8F140A9834C1623 /* Build configuration list for PBXProject "CurvyRide" */ = {
			isa = XCConfigurationList;
			buildConfigurations = (
				A3B3A42605F0EF1D86E6BD66 /* Debug */,
				FD0F6A87EF9EDAA14CCBE0C7 /* Release */,
			);
			defaultConfigurationIsVisible = 0;
			defaultConfigurationName = Debug;
		};
		8A491A9369A4081DE5FD9E96 /* Build configuration list for PBXNativeTarget "CurvyRideAppTests" */ = {
			isa = XCConfigurationList;
			buildConfigurations = (
				CF8CE6666D604D6E35A90A9C /* Debug */,
				9117A6E4B3727E06D91EC3A6 /* Release */,
			);
			defaultConfigurationIsVisible = 0;
			defaultConfigurationName = Debug;
		};
/* End XCConfigurationList section */

/* Begin XCRemoteSwiftPackageReference section */
		4C6AC7F3268EB6D5F62D3ABA /* XCRemoteSwiftPackageReference "Factory" */ = {
			isa = XCRemoteSwiftPackageReference;
			repositoryURL = "https://github.com/hmlongco/Factory.git";
			requirement = {
				kind = upToNextMajorVersion;
				minimumVersion = 2.5.3;
			};
		};
/* End XCRemoteSwiftPackageReference section */

/* Begin XCSwiftPackageProductDependency section */
		4676D68A8D80F8EABBCFB357 /* Factory */ = {
			isa = XCSwiftPackageProductDependency;
			package = 4C6AC7F3268EB6D5F62D3ABA /* XCRemoteSwiftPackageReference "Factory" */;
			productName = Factory;
		};
/* End XCSwiftPackageProductDependency section */
	};
	rootObject = 45B782981622D4442B7334DC /* Project object */;
}
